<?xml version="1.0" encoding="utf-8"?>
<Project ToolsVersion="4.0" xmlns="http://schemas.microsoft.com/developer/msbuild/2003">
  <ItemGroup>
    <Filter Include="Common">
      <UniqueIdentifier>c2d376cd-01d3-4161-ae70-8caf697a9abf</UniqueIdentifier>
    </Filter>
    <Filter Include="Assets">
      <UniqueIdentifier>33d27b96-0970-45dd-ba5c-04a726dfdc18</UniqueIdentifier>
      <Extensions>ico;cur;bmp;dds;dlg;fbx;rct;bin;rgs;gif;jpg;jpeg;jpe;resx;tga;tiff;tif;png;wav;mfcribbon-ms</Extensions>
    </Filter>
    <Filter Include="Game">
      <UniqueIdentifier>{3056fcaa-5400-434a-afe3-0152f4ebf09b}</UniqueIdentifier>
    </Filter>
    <Filter Include="Game\Utility">
      <UniqueIdentifier>{3c55ba38-2151-4d9a-9ff1-57090edf7350}</UniqueIdentifier>
    </Filter>
    <Filter Include="Game\Scene">
      <UniqueIdentifier>{22b6637d-506f-4f73-9429-65651d111cc8}</UniqueIdentifier>
    </Filter>
    <Filter Include="Game\Object">
      <UniqueIdentifier>{4b409aa0-b5b6-4bc6-a62c-af21a1b249ac}</UniqueIdentifier>
    </Filter>
    <Filter Include="Game\Object\Car">
      <UniqueIdentifier>{6387a8d0-9663-402b-a823-ee5771ed2aab}</UniqueIdentifier>
    </Filter>
    <Filter Include="Game\Component">
      <UniqueIdentifier>{2706517a-74fc-4698-a0f5-2601052b0cc4}</UniqueIdentifier>
    </Filter>
    <Filter Include="Game\Component\Render">
      <UniqueIdentifier>{81164360-572a-46fc-94ba-e17e1e1d918f}</UniqueIdentifier>
    </Filter>
    <Filter Include="Game\Data">
      <UniqueIdentifier>{ede71eb7-c8d3-4ac0-90ba-d30a9f24b6d5}</UniqueIdentifier>
    </Filter>
    <Filter Include="Game\Data\Model">
      <UniqueIdentifier>{fdf52a5c-7075-4954-b53a-64aec8c1b78e}</UniqueIdentifier>
    </Filter>
    <Filter Include="FBX">
      <UniqueIdentifier>{12cfc329-7e8f-429d-942a-3b7f1354bf32}</UniqueIdentifier>
    </Filter>
    <Filter Include="Game\Camera">
      <UniqueIdentifier>{14f56ba9-904d-43f4-9086-6c86b7ed84f9}</UniqueIdentifier>
    </Filter>
    <Filter Include="Game\Collision">
      <UniqueIdentifier>{d3fec7db-8371-41cd-9172-214032b56a5c}</UniqueIdentifier>
    </Filter>
    <Filter Include="Game\Collision\DebugCollision">
      <UniqueIdentifier>{37af5cdc-e5fa-42e3-8595-9e6f2a0f1f11}</UniqueIdentifier>
    </Filter>
    <Filter Include="Game\Object\Room">
      <UniqueIdentifier>{86313b93-ac04-4520-bf42-39d03711a23d}</UniqueIdentifier>
    </Filter>
    <Filter Include="Game\Component\Physics">
      <UniqueIdentifier>{ef1d17b0-d4eb-4adb-8bc4-a193301bf86e}</UniqueIdentifier>
    </Filter>
    <Filter Include="Game\Command">
      <UniqueIdentifier>{b4972360-40a0-40e7-a9e9-9e3d04a82c5f}</UniqueIdentifier>
    </Filter>
    <Filter Include="Game\Command\core">
      <UniqueIdentifier>{4eec2ac5-2bd1-4f1c-9112-44d32aaccf5e}</UniqueIdentifier>
    </Filter>
    <Filter Include="Game\Component\Controller">
      <UniqueIdentifier>{72d66313-d5b8-441a-9b59-08adc895b349}</UniqueIdentifier>
    </Filter>
  </ItemGroup>
  <ItemGroup>
    <ClInclude Include="pch.h" />
    <ClInclude Include="Game.h" />
    <ClInclude Include="StepTimer.h">
      <Filter>Common</Filter>
    </ClInclude>
    <ClInclude Include="DeviceResources.h">
      <Filter>Common</Filter>
    </ClInclude>
    <ClInclude Include="DebugCamera.h" />
    <ClInclude Include="GridFloor.h" />
    <ClInclude Include="Game\Utility\InputManager.h">
      <Filter>Game\Utility</Filter>
    </ClInclude>
    <ClInclude Include="Game\Utility\Singleton.h">
      <Filter>Game\Utility</Filter>
    </ClInclude>
    <ClInclude Include="Game\Scene\SceneManager.h">
      <Filter>Game\Scene</Filter>
    </ClInclude>
    <ClInclude Include="Game\SubGame.h">
      <Filter>Game</Filter>
    </ClInclude>
    <ClInclude Include="Game\Utility\BidirectionalList.h">
      <Filter>Game\Utility</Filter>
    </ClInclude>
    <ClInclude Include="Game\Object\GameObject.h">
      <Filter>Game\Object</Filter>
    </ClInclude>
    <ClInclude Include="Game\Object\Transform.h">
      <Filter>Game\Object</Filter>
    </ClInclude>
    <ClInclude Include="Game\Object\GameObjectList.h">
      <Filter>Game\Object</Filter>
    </ClInclude>
    <ClInclude Include="Game\Scene\PlayScene.h">
      <Filter>Game\Scene</Filter>
    </ClInclude>
    <ClInclude Include="Game\Component\Component.h">
      <Filter>Game\Component</Filter>
    </ClInclude>
    <ClInclude Include="Game\Object\Car\Car.h">
      <Filter>Game\Object\Car</Filter>
    </ClInclude>
    <ClInclude Include="Game\Component\Render\RenderThreeDimension.h">
      <Filter>Game\Component\Render</Filter>
    </ClInclude>
    <ClInclude Include="Game\Data\Model\ModelData.h">
      <Filter>Game\Data\Model</Filter>
    </ClInclude>
    <ClInclude Include="Game\Camera\PlayCamera.h">
      <Filter>Game\Camera</Filter>
    </ClInclude>
    <ClInclude Include="Game\Camera\CameraManager.h">
      <Filter>Game\Camera</Filter>
    </ClInclude>
    <ClInclude Include="Game\Camera\BaseCamera.h">
      <Filter>Game\Camera</Filter>
    </ClInclude>
    <ClInclude Include="Game\Camera\Camera.h">
      <Filter>Game\Camera</Filter>
    </ClInclude>
    <ClInclude Include="Game\Collision\CCell.h">
      <Filter>Game\Collision</Filter>
    </ClInclude>
    <ClInclude Include="Game\Collision\Collision.h">
      <Filter>Game\Collision</Filter>
    </ClInclude>
    <ClInclude Include="Game\Data\Data.h">
      <Filter>Game\Data</Filter>
    </ClInclude>
    <ClInclude Include="Game\Collision\DebugCollision\DebugBox.h">
      <Filter>Game\Collision\DebugCollision</Filter>
    </ClInclude>
    <ClInclude Include="Game\Collision\DebugCollision\DebugCapsule.h">
      <Filter>Game\Collision\DebugCollision</Filter>
    </ClInclude>
    <ClInclude Include="Game\Collision\DebugCollision\DebugLine.h">
      <Filter>Game\Collision\DebugCollision</Filter>
    </ClInclude>
    <ClInclude Include="Game\Collision\DebugCollision\DebugMesh.h">
      <Filter>Game\Collision\DebugCollision</Filter>
    </ClInclude>
    <ClInclude Include="Game\Collision\DebugCollision\DebugPlane.h">
      <Filter>Game\Collision\DebugCollision</Filter>
    </ClInclude>
    <ClInclude Include="Game\Collision\DebugCollision\DebugSphere.h">
      <Filter>Game\Collision\DebugCollision</Filter>
    </ClInclude>
    <ClInclude Include="Game\Collision\CollisionSphere.h">
      <Filter>Game\Collision</Filter>
    </ClInclude>
    <ClInclude Include="Game\Collision\CollisionComponent.h">
      <Filter>Game\Collision</Filter>
    </ClInclude>
    <ClInclude Include="Game\Object\Room\Room.h">
      <Filter>Game\Object\Room</Filter>
    </ClInclude>
    <ClInclude Include="Game\Collision\CollisionMesh.h">
      <Filter>Game\Collision</Filter>
    </ClInclude>
    <ClInclude Include="Game\Component\Physics\Gravity.h">
      <Filter>Game\Component\Physics</Filter>
    </ClInclude>
    <ClInclude Include="Game\Command\Accel.h">
      <Filter>Game\Command</Filter>
    </ClInclude>
    <ClInclude Include="Game\Command\Command.h">
      <Filter>Game\Command\core</Filter>
    </ClInclude>
    <ClInclude Include="Game\Command\InputHandler.h">
      <Filter>Game\Command\core</Filter>
    </ClInclude>
    <ClInclude Include="Game\Component\Controller\PlayerController.h">
      <Filter>Game\Component\Controller</Filter>
    </ClInclude>
    <ClInclude Include="Game\Component\Physics\Friction.h">
      <Filter>Game\Component\Physics</Filter>
    </ClInclude>
  </ItemGroup>
  <ItemGroup>
    <ClCompile Include="pch.cpp" />
    <ClCompile Include="Game.cpp" />
    <ClCompile Include="Main.cpp" />
    <ClCompile Include="DeviceResources.cpp">
      <Filter>Common</Filter>
    </ClCompile>
    <ClCompile Include="DebugCamera.cpp" />
    <ClCompile Include="GridFloor.cpp" />
    <ClCompile Include="Game\Utility\InputManager.cpp">
      <Filter>Game\Utility</Filter>
    </ClCompile>
    <ClCompile Include="Game\Scene\SceneManager.cpp">
      <Filter>Game\Scene</Filter>
    </ClCompile>
    <ClCompile Include="Game\SubGame.cpp">
      <Filter>Game</Filter>
    </ClCompile>
    <ClCompile Include="Game\Object\GameObject.cpp">
      <Filter>Game\Object</Filter>
    </ClCompile>
    <ClCompile Include="Game\Object\Transform.cpp">
      <Filter>Game\Object</Filter>
    </ClCompile>
    <ClCompile Include="Game\Object\GameObjectList.cpp">
      <Filter>Game\Object</Filter>
    </ClCompile>
    <ClCompile Include="Game\Scene\PlayScene.cpp">
      <Filter>Game\Scene</Filter>
    </ClCompile>
    <ClCompile Include="Game\Object\Car\Car.cpp">
      <Filter>Game\Object\Car</Filter>
    </ClCompile>
    <ClCompile Include="Game\Component\Render\RenderThreeDimension.cpp">
      <Filter>Game\Component\Render</Filter>
    </ClCompile>
    <ClCompile Include="Game\Data\Model\ModelData.cpp">
      <Filter>Game\Data\Model</Filter>
    </ClCompile>
    <ClCompile Include="Game\Camera\PlayCamera.cpp">
      <Filter>Game\Camera</Filter>
    </ClCompile>
    <ClCompile Include="Game\Camera\CameraManager.cpp">
      <Filter>Game\Camera</Filter>
    </ClCompile>
    <ClCompile Include="Game\Camera\BaseCamera.cpp">
      <Filter>Game\Camera</Filter>
    </ClCompile>
    <ClCompile Include="Game\Camera\Camera.cpp">
      <Filter>Game\Camera</Filter>
    </ClCompile>
    <ClCompile Include="Game\Collision\CCell.cpp">
      <Filter>Game\Collision</Filter>
    </ClCompile>
    <ClCompile Include="Game\Collision\Collision.cpp">
      <Filter>Game\Collision</Filter>
    </ClCompile>
    <ClCompile Include="Game\Collision\DebugCollision\DebugBox.cpp">
      <Filter>Game\Collision\DebugCollision</Filter>
    </ClCompile>
    <ClCompile Include="Game\Collision\DebugCollision\DebugCapsule.cpp">
      <Filter>Game\Collision\DebugCollision</Filter>
    </ClCompile>
    <ClCompile Include="Game\Collision\DebugCollision\DebugLine.cpp">
      <Filter>Game\Collision\DebugCollision</Filter>
    </ClCompile>
    <ClCompile Include="Game\Collision\DebugCollision\DebugMesh.cpp">
      <Filter>Game\Collision\DebugCollision</Filter>
    </ClCompile>
    <ClCompile Include="Game\Collision\DebugCollision\DebugPlane.cpp">
      <Filter>Game\Collision\DebugCollision</Filter>
    </ClCompile>
    <ClCompile Include="Game\Collision\DebugCollision\DebugSphere.cpp">
      <Filter>Game\Collision\DebugCollision</Filter>
    </ClCompile>
    <ClCompile Include="Game\Collision\CollisionSphere.cpp">
      <Filter>Game\Collision</Filter>
    </ClCompile>
    <ClCompile Include="Game\Collision\CollisionComponent.cpp">
      <Filter>Game\Collision</Filter>
    </ClCompile>
    <ClCompile Include="Game\Object\Room\Room.cpp">
      <Filter>Game\Object\Room</Filter>
    </ClCompile>
    <ClCompile Include="Game\Collision\CollisionMesh.cpp">
      <Filter>Game\Collision</Filter>
    </ClCompile>
    <ClCompile Include="Game\Component\Physics\Gravity.cpp">
      <Filter>Game\Component\Physics</Filter>
    </ClCompile>
    <ClCompile Include="Game\Command\Accel.cpp">
      <Filter>Game\Command</Filter>
    </ClCompile>
    <ClCompile Include="Game\Command\InputHandler.cpp">
      <Filter>Game\Command\core</Filter>
    </ClCompile>
    <ClCompile Include="Game\Component\Controller\PlayerController.cpp">
      <Filter>Game\Component\Controller</Filter>
    </ClCompile>
    <ClCompile Include="Game\Component\Physics\Friction.cpp">
      <Filter>Game\Component\Physics</Filter>
    </ClCompile>
  </ItemGroup>
  <ItemGroup>
    <ResourceCompile Include="resource.rc" />
  </ItemGroup>
  <ItemGroup>
    <Image Include="directx.ico">
      <Filter>Assets</Filter>
    </Image>
  </ItemGroup>
  <ItemGroup>
    <Manifest Include="settings.manifest">
      <Filter>Assets</Filter>
    </Manifest>
  </ItemGroup>
  <ItemGroup>
    <MeshContentTask Include="FBX\room.FBX">
      <Filter>FBX</Filter>
    </MeshContentTask>
    <MeshContentTask Include="FBX\car_body.FBX">
      <Filter>FBX</Filter>
    </MeshContentTask>
  </ItemGroup>
  <ItemGroup>
    <None Include="Game\Collision\DebugCollision\DebugBox.inc">
      <Filter>Game\Collision\DebugCollision</Filter>
    </None>
    <None Include="Game\Collision\DebugCollision\DebugCapsule.inc">
      <Filter>Game\Collision\DebugCollision</Filter>
    </None>
    <None Include="Game\Collision\DebugCollision\DebugPlane.inc">
      <Filter>Game\Collision\DebugCollision</Filter>
    </None>
    <None Include="Game\Collision\DebugCollision\DebugSphere.inc">
      <Filter>Game\Collision\DebugCollision</Filter>
    </None>
    <None Include="VertexShader.inc" />
    <None Include="PixelShader.inc" />
  </ItemGroup>
</Project>