<?xml version="1.0" encoding="utf-8"?>
<Project ToolsVersion="4.0" xmlns="http://schemas.microsoft.com/developer/msbuild/2003">
  <ItemGroup>
    <Filter Include="Common">
      <UniqueIdentifier>c2d376cd-01d3-4161-ae70-8caf697a9abf</UniqueIdentifier>
    </Filter>
    <Filter Include="Assets">
      <UniqueIdentifier>33d27b96-0970-45dd-ba5c-04a726dfdc18</UniqueIdentifier>
      <Extensions>ico;cur;bmp;dds;dlg;fbx;rct;bin;rgs;gif;jpg;jpeg;jpe;resx;tga;tiff;tif;png;wav;mfcribbon-ms</Extensions>
    </Filter>
    <Filter Include="Game">
      <UniqueIdentifier>{3056fcaa-5400-434a-afe3-0152f4ebf09b}</UniqueIdentifier>
    </Filter>
    <Filter Include="Game\Utility">
      <UniqueIdentifier>{3c55ba38-2151-4d9a-9ff1-57090edf7350}</UniqueIdentifier>
    </Filter>
    <Filter Include="Game\Scene">
      <UniqueIdentifier>{22b6637d-506f-4f73-9429-65651d111cc8}</UniqueIdentifier>
    </Filter>
    <Filter Include="Game\Object">
      <UniqueIdentifier>{4b409aa0-b5b6-4bc6-a62c-af21a1b249ac}</UniqueIdentifier>
    </Filter>
    <Filter Include="Game\Object\Car">
      <UniqueIdentifier>{6387a8d0-9663-402b-a823-ee5771ed2aab}</UniqueIdentifier>
    </Filter>
  </ItemGroup>
  <ItemGroup>
    <ClInclude Include="pch.h" />
    <ClInclude Include="Game.h" />
    <ClInclude Include="StepTimer.h">
      <Filter>Common</Filter>
    </ClInclude>
    <ClInclude Include="DeviceResources.h">
      <Filter>Common</Filter>
    </ClInclude>
    <ClInclude Include="DebugCamera.h" />
    <ClInclude Include="GridFloor.h" />
    <ClInclude Include="Game\Utility\InputManager.h">
      <Filter>Game\Utility</Filter>
    </ClInclude>
    <ClInclude Include="Game\Utility\Singleton.h">
      <Filter>Game\Utility</Filter>
    </ClInclude>
    <ClInclude Include="Game\Scene\SceneManager.h">
      <Filter>Game\Scene</Filter>
    </ClInclude>
    <ClInclude Include="Game\SubGame.h">
      <Filter>Game</Filter>
    </ClInclude>
    <ClInclude Include="Game\Utility\BidirectionalList.h">
      <Filter>Game\Utility</Filter>
    </ClInclude>
    <ClInclude Include="Game\Object\GameObject.h">
      <Filter>Game\Object</Filter>
    </ClInclude>
    <ClInclude Include="Game\Object\Transform.h">
      <Filter>Game\Object</Filter>
    </ClInclude>
    <ClInclude Include="Game\Object\GameObjectList.h">
      <Filter>Game\Object</Filter>
    </ClInclude>
  </ItemGroup>
  <ItemGroup>
    <ClCompile Include="pch.cpp" />
    <ClCompile Include="Game.cpp" />
    <ClCompile Include="Main.cpp" />
    <ClCompile Include="DeviceResources.cpp">
      <Filter>Common</Filter>
    </ClCompile>
    <ClCompile Include="DebugCamera.cpp" />
    <ClCompile Include="GridFloor.cpp" />
    <ClCompile Include="Game\Utility\InputManager.cpp">
      <Filter>Game\Utility</Filter>
    </ClCompile>
    <ClCompile Include="Game\Scene\SceneManager.cpp">
      <Filter>Game\Scene</Filter>
    </ClCompile>
    <ClCompile Include="Game\SubGame.cpp">
      <Filter>Game</Filter>
    </ClCompile>
    <ClCompile Include="Game\Object\GameObject.cpp">
      <Filter>Game\Object</Filter>
    </ClCompile>
    <ClCompile Include="Game\Object\Transform.cpp">
      <Filter>Game\Object</Filter>
    </ClCompile>
    <ClCompile Include="Game\Object\GameObjectList.cpp">
      <Filter>Game\Object</Filter>
    </ClCompile>
  </ItemGroup>
  <ItemGroup>
    <ResourceCompile Include="resource.rc" />
  </ItemGroup>
  <ItemGroup>
    <Image Include="directx.ico">
      <Filter>Assets</Filter>
    </Image>
  </ItemGroup>
  <ItemGroup>
    <Manifest Include="settings.manifest">
      <Filter>Assets</Filter>
    </Manifest>
  </ItemGroup>
</Project>